PODS:
  - Flutter (1.0.0)
  - flutter_ringtone_player (0.0.1):
    - Flutter
  - OneSignal (2.15.2)
  - onesignal_flutter (2.6.1):
    - Flutter
    - OneSignal (= 2.15.2)
  - path_provider (0.0.1):
    - Flutter
  - path_provider_linux (0.0.1):
    - Flutter
  - path_provider_macos (0.0.1):
    - Flutter
  - path_provider_windows (0.0.1):
    - Flutter
  - Starscream (3.1.1)
  - websocket_manager (0.0.1):
    - Flutter
    - Starscream (~> 3.1.1)

DEPENDENCIES:
  - Flutter (from `Flutter`)
  - flutter_ringtone_player (from `.symlinks/plugins/flutter_ringtone_player/ios`)
  - OneSignal (< 3.0, >= 2.9.3)
  - onesignal_flutter (from `.symlinks/plugins/onesignal_flutter/ios`)
  - path_provider (from `.symlinks/plugins/path_provider/ios`)
  - path_provider_linux (from `.symlinks/plugins/path_provider_linux/ios`)
  - path_provider_macos (from `.symlinks/plugins/path_provider_macos/ios`)
  - path_provider_windows (from `.symlinks/plugins/path_provider_windows/ios`)
  - websocket_manager (from `.symlinks/plugins/websocket_manager/ios`)

SPEC REPOS:
  trunk:
    - OneSignal
    - Starscream

EXTERNAL SOURCES:
  Flutter:
    :path: Flutter
  flutter_ringtone_player:
    :path: ".symlinks/plugins/flutter_ringtone_player/ios"
  onesignal_flutter:
    :path: ".symlinks/plugins/onesignal_flutter/ios"
  path_provider:
    :path: ".symlinks/plugins/path_provider/ios"
  path_provider_linux:
    :path: ".symlinks/plugins/path_provider_linux/ios"
  path_provider_macos:
    :path: ".symlinks/plugins/path_provider_macos/ios"
  path_provider_windows:
    :path: ".symlinks/plugins/path_provider_windows/ios"
  websocket_manager:
    :path: ".symlinks/plugins/websocket_manager/ios"

SPEC CHECKSUMS:
  Flutter: 0e3d915762c693b495b44d77113d4970485de6ec
  flutter_ringtone_player: 15eba85187230b87b2512f0e1b92225618bc03e7
  OneSignal: 9531e385388565f4d31797ddadbe0fcc786430ec
  onesignal_flutter: b4412973eac419ccce07363e43e0d6057c583a96
  path_provider: abfe2b5c733d04e238b0d8691db0cfd63a27a93c
  path_provider_linux: 4d630dc393e1f20364f3e3b4a2ff41d9674a84e4
  path_provider_macos: f760a3c5b04357c380e2fddb6f9db6f3015897e0
  path_provider_windows: a2b81600c677ac1959367280991971cb9a1edb3b
  Starscream: 4bb2f9942274833f7b4d296a55504dcfc7edb7b0
  websocket_manager: cadb93f3b88cf3f5d60fca8629824c1b50f30e1b

PODFILE CHECKSUM: 0b1d9ebb5bcb6a3ce83235c6152a9b388194c430

COCOAPODS: 1.9.1
